// !$*UTF8*$!
{
	archiveVersion = 1;
	classes = {
	};
	objectVersion = 56;
	objects = {

/* Begin PBXBuildFile section */
		F10F396A2AE03A6200290FBC /* SFProDisplay-Medium.ttf in Resources */ = {isa = PBXBuildFile; fileRef = F10F39612AE03A6200290FBC /* SFProDisplay-Medium.ttf */; };
		F10F396B2AE03A6200290FBC /* SFProDisplay-Black.ttf in Resources */ = {isa = PBXBuildFile; fileRef = F10F39622AE03A6200290FBC /* SFProDisplay-Black.ttf */; };
		F10F396C2AE03A6200290FBC /* SFProDisplay-Thin.ttf in Resources */ = {isa = PBXBuildFile; fileRef = F10F39632AE03A6200290FBC /* SFProDisplay-Thin.ttf */; };
		F10F396D2AE03A6200290FBC /* SFProDisplay-Regular.ttf in Resources */ = {isa = PBXBuildFile; fileRef = F10F39642AE03A6200290FBC /* SFProDisplay-Regular.ttf */; };
		F10F396E2AE03A6200290FBC /* SFProDisplay-Heavy.ttf in Resources */ = {isa = PBXBuildFile; fileRef = F10F39652AE03A6200290FBC /* SFProDisplay-Heavy.ttf */; };
		F10F396F2AE03A6200290FBC /* SFProDisplay-Light.ttf in Resources */ = {isa = PBXBuildFile; fileRef = F10F39662AE03A6200290FBC /* SFProDisplay-Light.ttf */; };
		F10F39702AE03A6200290FBC /* SFProDisplay-Ultralight.ttf in Resources */ = {isa = PBXBuildFile; fileRef = F10F39672AE03A6200290FBC /* SFProDisplay-Ultralight.ttf */; };
		F10F39712AE03A6200290FBC /* SFProDisplay-Bold.ttf in Resources */ = {isa = PBXBuildFile; fileRef = F10F39682AE03A6200290FBC /* SFProDisplay-Bold.ttf */; };
		F10F39722AE03A6200290FBC /* SFProDisplay-Semibold.ttf in Resources */ = {isa = PBXBuildFile; fileRef = F10F39692AE03A6200290FBC /* SFProDisplay-Semibold.ttf */; };
		F10F39742AE03AB400290FBC /* Colors.xcassets in Resources */ = {isa = PBXBuildFile; fileRef = F10F39732AE03AB400290FBC /* Colors.xcassets */; };
		F10F39772AE03B5000290FBC /* AppImage.swift in Sources */ = {isa = PBXBuildFile; fileRef = F10F39762AE03B5000290FBC /* AppImage.swift */; };
		F10F39792AE03B5500290FBC /* AppColor.swift in Sources */ = {isa = PBXBuildFile; fileRef = F10F39782AE03B5500290FBC /* AppColor.swift */; };
		F10F397C2AE03CA600290FBC /* SnapKit in Frameworks */ = {isa = PBXBuildFile; productRef = F10F397B2AE03CA600290FBC /* SnapKit */; };
		F10F397E2AE03CA600290FBC /* SnapKit-Dynamic in Frameworks */ = {isa = PBXBuildFile; productRef = F10F397D2AE03CA600290FBC /* SnapKit-Dynamic */; };
		F10F39812AE03F8800290FBC /* FirebaseAnalytics in Frameworks */ = {isa = PBXBuildFile; productRef = F10F39802AE03F8800290FBC /* FirebaseAnalytics */; };
		F10F39832AE03F8800290FBC /* FirebaseAnalyticsOnDeviceConversion in Frameworks */ = {isa = PBXBuildFile; productRef = F10F39822AE03F8800290FBC /* FirebaseAnalyticsOnDeviceConversion */; };
		F10F39852AE03F8800290FBC /* FirebaseAnalyticsSwift in Frameworks */ = {isa = PBXBuildFile; productRef = F10F39842AE03F8800290FBC /* FirebaseAnalyticsSwift */; };
		F10F39872AE03F8800290FBC /* FirebaseAnalyticsWithoutAdIdSupport in Frameworks */ = {isa = PBXBuildFile; productRef = F10F39862AE03F8800290FBC /* FirebaseAnalyticsWithoutAdIdSupport */; };
		F10F39892AE03F8800290FBC /* FirebaseAppCheck in Frameworks */ = {isa = PBXBuildFile; productRef = F10F39882AE03F8800290FBC /* FirebaseAppCheck */; };
		F10F398B2AE03F8800290FBC /* FirebaseAppDistribution-Beta in Frameworks */ = {isa = PBXBuildFile; productRef = F10F398A2AE03F8800290FBC /* FirebaseAppDistribution-Beta */; };
		F10F398D2AE03F8800290FBC /* FirebaseAuth in Frameworks */ = {isa = PBXBuildFile; productRef = F10F398C2AE03F8800290FBC /* FirebaseAuth */; };
		F10F398F2AE03F8800290FBC /* FirebaseAuthCombine-Community in Frameworks */ = {isa = PBXBuildFile; productRef = F10F398E2AE03F8800290FBC /* FirebaseAuthCombine-Community */; };
		F10F39912AE03F8800290FBC /* FirebaseCrashlytics in Frameworks */ = {isa = PBXBuildFile; productRef = F10F39902AE03F8800290FBC /* FirebaseCrashlytics */; };
		F10F39932AE03F8800290FBC /* FirebaseDatabase in Frameworks */ = {isa = PBXBuildFile; productRef = F10F39922AE03F8800290FBC /* FirebaseDatabase */; };
		F10F39952AE03F8800290FBC /* FirebaseDatabaseSwift in Frameworks */ = {isa = PBXBuildFile; productRef = F10F39942AE03F8800290FBC /* FirebaseDatabaseSwift */; };
		F10F39972AE03F8800290FBC /* FirebaseDynamicLinks in Frameworks */ = {isa = PBXBuildFile; productRef = F10F39962AE03F8800290FBC /* FirebaseDynamicLinks */; };
		F10F39992AE03F8800290FBC /* FirebaseFirestore in Frameworks */ = {isa = PBXBuildFile; productRef = F10F39982AE03F8800290FBC /* FirebaseFirestore */; };
		F10F399B2AE03F8800290FBC /* FirebaseFirestoreCombine-Community in Frameworks */ = {isa = PBXBuildFile; productRef = F10F399A2AE03F8800290FBC /* FirebaseFirestoreCombine-Community */; };
		F10F399D2AE03F8800290FBC /* FirebaseFirestoreSwift in Frameworks */ = {isa = PBXBuildFile; productRef = F10F399C2AE03F8800290FBC /* FirebaseFirestoreSwift */; };
		F10F399F2AE03F8800290FBC /* FirebaseFunctions in Frameworks */ = {isa = PBXBuildFile; productRef = F10F399E2AE03F8800290FBC /* FirebaseFunctions */; };
		F10F39A12AE03F8800290FBC /* FirebaseFunctionsCombine-Community in Frameworks */ = {isa = PBXBuildFile; productRef = F10F39A02AE03F8800290FBC /* FirebaseFunctionsCombine-Community */; };
		F10F39A32AE03F8800290FBC /* FirebaseInAppMessaging-Beta in Frameworks */ = {isa = PBXBuildFile; productRef = F10F39A22AE03F8800290FBC /* FirebaseInAppMessaging-Beta */; };
		F10F39A52AE03F8800290FBC /* FirebaseInAppMessagingSwift-Beta in Frameworks */ = {isa = PBXBuildFile; productRef = F10F39A42AE03F8800290FBC /* FirebaseInAppMessagingSwift-Beta */; };
		F10F39A72AE03F8800290FBC /* FirebaseInstallations in Frameworks */ = {isa = PBXBuildFile; productRef = F10F39A62AE03F8800290FBC /* FirebaseInstallations */; };
		F10F39A92AE03F8800290FBC /* FirebaseMLModelDownloader in Frameworks */ = {isa = PBXBuildFile; productRef = F10F39A82AE03F8800290FBC /* FirebaseMLModelDownloader */; };
		F10F39AB2AE03F8800290FBC /* FirebaseMessaging in Frameworks */ = {isa = PBXBuildFile; productRef = F10F39AA2AE03F8800290FBC /* FirebaseMessaging */; };
		F10F39AD2AE03F8800290FBC /* FirebasePerformance in Frameworks */ = {isa = PBXBuildFile; productRef = F10F39AC2AE03F8800290FBC /* FirebasePerformance */; };
		F10F39AF2AE03F8800290FBC /* FirebaseRemoteConfig in Frameworks */ = {isa = PBXBuildFile; productRef = F10F39AE2AE03F8800290FBC /* FirebaseRemoteConfig */; };
		F10F39B12AE03F8800290FBC /* FirebaseRemoteConfigSwift in Frameworks */ = {isa = PBXBuildFile; productRef = F10F39B02AE03F8800290FBC /* FirebaseRemoteConfigSwift */; };
		F10F39B32AE03F8800290FBC /* FirebaseStorage in Frameworks */ = {isa = PBXBuildFile; productRef = F10F39B22AE03F8800290FBC /* FirebaseStorage */; };
		F10F39B52AE03F8800290FBC /* FirebaseStorageCombine-Community in Frameworks */ = {isa = PBXBuildFile; productRef = F10F39B42AE03F8800290FBC /* FirebaseStorageCombine-Community */; };
		F10F39B82AE03FAC00290FBC /* LoadingViewController.swift in Sources */ = {isa = PBXBuildFile; fileRef = F10F39B72AE03FAC00290FBC /* LoadingViewController.swift */; };
		F10F39BA2AE03FCA00290FBC /* AppStorage.swift in Sources */ = {isa = PBXBuildFile; fileRef = F10F39B92AE03FCA00290FBC /* AppStorage.swift */; };
		F10F39BC2AE03FDE00290FBC /* ExternalService.swift in Sources */ = {isa = PBXBuildFile; fileRef = F10F39BB2AE03FDE00290FBC /* ExternalService.swift */; };
		F10F39BE2AE0403000290FBC /* GoogleService-Info.plist in Resources */ = {isa = PBXBuildFile; fileRef = F10F39BD2AE0403000290FBC /* GoogleService-Info.plist */; };
		F10F39C12AE0411700290FBC /* Onboarding1ViewController.swift in Sources */ = {isa = PBXBuildFile; fileRef = F10F39C02AE0411700290FBC /* Onboarding1ViewController.swift */; };
		F10F39C32AE0479000290FBC /* Onboarding2ViewController.swift in Sources */ = {isa = PBXBuildFile; fileRef = F10F39C22AE0479000290FBC /* Onboarding2ViewController.swift */; };
		F10F39C62AE0D7B900290FBC /* MainViewController.swift in Sources */ = {isa = PBXBuildFile; fileRef = F10F39C52AE0D7B900290FBC /* MainViewController.swift */; };
		F10F39C82AE0D7E000290FBC /* SectionType.swift in Sources */ = {isa = PBXBuildFile; fileRef = F10F39C72AE0D7E000290FBC /* SectionType.swift */; };
		F10F39CA2AE0D7F800290FBC /* MainCollectionViewCell.swift in Sources */ = {isa = PBXBuildFile; fileRef = F10F39C92AE0D7F800290FBC /* MainCollectionViewCell.swift */; };
		F10F39CC2AE0D80100290FBC /* BannerCollectionViewCell.swift in Sources */ = {isa = PBXBuildFile; fileRef = F10F39CB2AE0D80100290FBC /* BannerCollectionViewCell.swift */; };
		F10F39D12AE12A9500290FBC /* QuizViewController.swift in Sources */ = {isa = PBXBuildFile; fileRef = F10F39D02AE12A9500290FBC /* QuizViewController.swift */; };
		F10F39D32AE12AA400290FBC /* QuizTableViewCell.swift in Sources */ = {isa = PBXBuildFile; fileRef = F10F39D22AE12AA400290FBC /* QuizTableViewCell.swift */; };
		F10F39D62AE12AAF00290FBC /* Question.swift in Sources */ = {isa = PBXBuildFile; fileRef = F10F39D52AE12AAF00290FBC /* Question.swift */; };
		F10F39D82AE12AB700290FBC /* QuizBrain.swift in Sources */ = {isa = PBXBuildFile; fileRef = F10F39D72AE12AB700290FBC /* QuizBrain.swift */; };
		F10F39DB2AE15C5D00290FBC /* WinViewController.swift in Sources */ = {isa = PBXBuildFile; fileRef = F10F39DA2AE15C5D00290FBC /* WinViewController.swift */; };
		F123C4DC2AE0391D0018831B /* AppDelegate.swift in Sources */ = {isa = PBXBuildFile; fileRef = F123C4DB2AE0391D0018831B /* AppDelegate.swift */; };
		F123C4DE2AE0391D0018831B /* SceneDelegate.swift in Sources */ = {isa = PBXBuildFile; fileRef = F123C4DD2AE0391D0018831B /* SceneDelegate.swift */; };
		F123C4E02AE0391D0018831B /* SplashViewController.swift in Sources */ = {isa = PBXBuildFile; fileRef = F123C4DF2AE0391D0018831B /* SplashViewController.swift */; };
		F123C4E52AE0391F0018831B /* Assets.xcassets in Resources */ = {isa = PBXBuildFile; fileRef = F123C4E42AE0391F0018831B /* Assets.xcassets */; };
		F123C4E82AE0391F0018831B /* LaunchScreen.storyboard in Resources */ = {isa = PBXBuildFile; fileRef = F123C4E62AE0391F0018831B /* LaunchScreen.storyboard */; };
/* End PBXBuildFile section */

/* Begin PBXFileReference section */
		F10F39612AE03A6200290FBC /* SFProDisplay-Medium.ttf */ = {isa = PBXFileReference; lastKnownFileType = file; path = "SFProDisplay-Medium.ttf"; sourceTree = "<group>"; };
		F10F39622AE03A6200290FBC /* SFProDisplay-Black.ttf */ = {isa = PBXFileReference; lastKnownFileType = file; path = "SFProDisplay-Black.ttf"; sourceTree = "<group>"; };
		F10F39632AE03A6200290FBC /* SFProDisplay-Thin.ttf */ = {isa = PBXFileReference; lastKnownFileType = file; path = "SFProDisplay-Thin.ttf"; sourceTree = "<group>"; };
		F10F39642AE03A6200290FBC /* SFProDisplay-Regular.ttf */ = {isa = PBXFileReference; lastKnownFileType = file; path = "SFProDisplay-Regular.ttf"; sourceTree = "<group>"; };
		F10F39652AE03A6200290FBC /* SFProDisplay-Heavy.ttf */ = {isa = PBXFileReference; lastKnownFileType = file; path = "SFProDisplay-Heavy.ttf"; sourceTree = "<group>"; };
		F10F39662AE03A6200290FBC /* SFProDisplay-Light.ttf */ = {isa = PBXFileReference; lastKnownFileType = file; path = "SFProDisplay-Light.ttf"; sourceTree = "<group>"; };
		F10F39672AE03A6200290FBC /* SFProDisplay-Ultralight.ttf */ = {isa = PBXFileReference; lastKnownFileType = file; path = "SFProDisplay-Ultralight.ttf"; sourceTree = "<group>"; };
		F10F39682AE03A6200290FBC /* SFProDisplay-Bold.ttf */ = {isa = PBXFileReference; lastKnownFileType = file; path = "SFProDisplay-Bold.ttf"; sourceTree = "<group>"; };
		F10F39692AE03A6200290FBC /* SFProDisplay-Semibold.ttf */ = {isa = PBXFileReference; lastKnownFileType = file; path = "SFProDisplay-Semibold.ttf"; sourceTree = "<group>"; };
		F10F39732AE03AB400290FBC /* Colors.xcassets */ = {isa = PBXFileReference; lastKnownFileType = folder.assetcatalog; path = Colors.xcassets; sourceTree = "<group>"; };
		F10F39762AE03B5000290FBC /* AppImage.swift */ = {isa = PBXFileReference; lastKnownFileType = sourcecode.swift; path = AppImage.swift; sourceTree = "<group>"; };
		F10F39782AE03B5500290FBC /* AppColor.swift */ = {isa = PBXFileReference; lastKnownFileType = sourcecode.swift; path = AppColor.swift; sourceTree = "<group>"; };
		F10F39B72AE03FAC00290FBC /* LoadingViewController.swift */ = {isa = PBXFileReference; lastKnownFileType = sourcecode.swift; path = LoadingViewController.swift; sourceTree = "<group>"; };
		F10F39B92AE03FCA00290FBC /* AppStorage.swift */ = {isa = PBXFileReference; lastKnownFileType = sourcecode.swift; path = AppStorage.swift; sourceTree = "<group>"; };
		F10F39BB2AE03FDE00290FBC /* ExternalService.swift */ = {isa = PBXFileReference; lastKnownFileType = sourcecode.swift; path = ExternalService.swift; sourceTree = "<group>"; };
		F10F39BD2AE0403000290FBC /* GoogleService-Info.plist */ = {isa = PBXFileReference; fileEncoding = 4; lastKnownFileType = text.plist.xml; path = "GoogleService-Info.plist"; sourceTree = "<group>"; };
		F10F39C02AE0411700290FBC /* Onboarding1ViewController.swift */ = {isa = PBXFileReference; lastKnownFileType = sourcecode.swift; path = Onboarding1ViewController.swift; sourceTree = "<group>"; };
		F10F39C22AE0479000290FBC /* Onboarding2ViewController.swift */ = {isa = PBXFileReference; lastKnownFileType = sourcecode.swift; path = Onboarding2ViewController.swift; sourceTree = "<group>"; };
		F10F39C52AE0D7B900290FBC /* MainViewController.swift */ = {isa = PBXFileReference; lastKnownFileType = sourcecode.swift; path = MainViewController.swift; sourceTree = "<group>"; };
		F10F39C72AE0D7E000290FBC /* SectionType.swift */ = {isa = PBXFileReference; lastKnownFileType = sourcecode.swift; path = SectionType.swift; sourceTree = "<group>"; };
		F10F39C92AE0D7F800290FBC /* MainCollectionViewCell.swift */ = {isa = PBXFileReference; lastKnownFileType = sourcecode.swift; path = MainCollectionViewCell.swift; sourceTree = "<group>"; };
		F10F39CB2AE0D80100290FBC /* BannerCollectionViewCell.swift */ = {isa = PBXFileReference; lastKnownFileType = sourcecode.swift; path = BannerCollectionViewCell.swift; sourceTree = "<group>"; };
		F10F39D02AE12A9500290FBC /* QuizViewController.swift */ = {isa = PBXFileReference; lastKnownFileType = sourcecode.swift; path = QuizViewController.swift; sourceTree = "<group>"; };
		F10F39D22AE12AA400290FBC /* QuizTableViewCell.swift */ = {isa = PBXFileReference; lastKnownFileType = sourcecode.swift; path = QuizTableViewCell.swift; sourceTree = "<group>"; };
		F10F39D52AE12AAF00290FBC /* Question.swift */ = {isa = PBXFileReference; lastKnownFileType = sourcecode.swift; path = Question.swift; sourceTree = "<group>"; };
		F10F39D72AE12AB700290FBC /* QuizBrain.swift */ = {isa = PBXFileReference; lastKnownFileType = sourcecode.swift; path = QuizBrain.swift; sourceTree = "<group>"; };
		F10F39DA2AE15C5D00290FBC /* WinViewController.swift */ = {isa = PBXFileReference; lastKnownFileType = sourcecode.swift; path = WinViewController.swift; sourceTree = "<group>"; };
		F123C4D82AE0391D0018831B /* Quotex.app */ = {isa = PBXFileReference; explicitFileType = wrapper.application; includeInIndex = 0; path = Quotex.app; sourceTree = BUILT_PRODUCTS_DIR; };
		F123C4DB2AE0391D0018831B /* AppDelegate.swift */ = {isa = PBXFileReference; lastKnownFileType = sourcecode.swift; path = AppDelegate.swift; sourceTree = "<group>"; };
		F123C4DD2AE0391D0018831B /* SceneDelegate.swift */ = {isa = PBXFileReference; lastKnownFileType = sourcecode.swift; path = SceneDelegate.swift; sourceTree = "<group>"; };
		F123C4DF2AE0391D0018831B /* SplashViewController.swift */ = {isa = PBXFileReference; lastKnownFileType = sourcecode.swift; path = SplashViewController.swift; sourceTree = "<group>"; };
		F123C4E42AE0391F0018831B /* Assets.xcassets */ = {isa = PBXFileReference; lastKnownFileType = folder.assetcatalog; path = Assets.xcassets; sourceTree = "<group>"; };
		F123C4E72AE0391F0018831B /* Base */ = {isa = PBXFileReference; lastKnownFileType = file.storyboard; name = Base; path = Base.lproj/LaunchScreen.storyboard; sourceTree = "<group>"; };
		F123C4E92AE0391F0018831B /* Info.plist */ = {isa = PBXFileReference; lastKnownFileType = text.plist.xml; path = Info.plist; sourceTree = "<group>"; };
/* End PBXFileReference section */

/* Begin PBXFrameworksBuildPhase section */
		F123C4D52AE0391D0018831B /* Frameworks */ = {
			isa = PBXFrameworksBuildPhase;
			buildActionMask = 2147483647;
			files = (
				F10F39AB2AE03F8800290FBC /* FirebaseMessaging in Frameworks */,
				F10F397C2AE03CA600290FBC /* SnapKit in Frameworks */,
				F10F399D2AE03F8800290FBC /* FirebaseFirestoreSwift in Frameworks */,
				F10F39872AE03F8800290FBC /* FirebaseAnalyticsWithoutAdIdSupport in Frameworks */,
				F10F399F2AE03F8800290FBC /* FirebaseFunctions in Frameworks */,
				F10F397E2AE03CA600290FBC /* SnapKit-Dynamic in Frameworks */,
				F10F39812AE03F8800290FBC /* FirebaseAnalytics in Frameworks */,
				F10F398D2AE03F8800290FBC /* FirebaseAuth in Frameworks */,
				F10F39972AE03F8800290FBC /* FirebaseDynamicLinks in Frameworks */,
				F10F39912AE03F8800290FBC /* FirebaseCrashlytics in Frameworks */,
				F10F39A92AE03F8800290FBC /* FirebaseMLModelDownloader in Frameworks */,
				F10F39952AE03F8800290FBC /* FirebaseDatabaseSwift in Frameworks */,
				F10F39992AE03F8800290FBC /* FirebaseFirestore in Frameworks */,
				F10F39A72AE03F8800290FBC /* FirebaseInstallations in Frameworks */,
				F10F39A12AE03F8800290FBC /* FirebaseFunctionsCombine-Community in Frameworks */,
				F10F399B2AE03F8800290FBC /* FirebaseFirestoreCombine-Community in Frameworks */,
				F10F39932AE03F8800290FBC /* FirebaseDatabase in Frameworks */,
				F10F39AD2AE03F8800290FBC /* FirebasePerformance in Frameworks */,
				F10F39892AE03F8800290FBC /* FirebaseAppCheck in Frameworks */,
				F10F39832AE03F8800290FBC /* FirebaseAnalyticsOnDeviceConversion in Frameworks */,
				F10F39A52AE03F8800290FBC /* FirebaseInAppMessagingSwift-Beta in Frameworks */,
				F10F39B12AE03F8800290FBC /* FirebaseRemoteConfigSwift in Frameworks */,
				F10F39852AE03F8800290FBC /* FirebaseAnalyticsSwift in Frameworks */,
				F10F398B2AE03F8800290FBC /* FirebaseAppDistribution-Beta in Frameworks */,
				F10F39AF2AE03F8800290FBC /* FirebaseRemoteConfig in Frameworks */,
				F10F39B32AE03F8800290FBC /* FirebaseStorage in Frameworks */,
				F10F398F2AE03F8800290FBC /* FirebaseAuthCombine-Community in Frameworks */,
				F10F39B52AE03F8800290FBC /* FirebaseStorageCombine-Community in Frameworks */,
				F10F39A32AE03F8800290FBC /* FirebaseInAppMessaging-Beta in Frameworks */,
			);
			runOnlyForDeploymentPostprocessing = 0;
		};
/* End PBXFrameworksBuildPhase section */

/* Begin PBXGroup section */
		F10F39602AE03A5200290FBC /* Fonts */ = {
			isa = PBXGroup;
			children = (
				F10F39622AE03A6200290FBC /* SFProDisplay-Black.ttf */,
				F10F39682AE03A6200290FBC /* SFProDisplay-Bold.ttf */,
				F10F39652AE03A6200290FBC /* SFProDisplay-Heavy.ttf */,
				F10F39662AE03A6200290FBC /* SFProDisplay-Light.ttf */,
				F10F39612AE03A6200290FBC /* SFProDisplay-Medium.ttf */,
				F10F39642AE03A6200290FBC /* SFProDisplay-Regular.ttf */,
				F10F39692AE03A6200290FBC /* SFProDisplay-Semibold.ttf */,
				F10F39632AE03A6200290FBC /* SFProDisplay-Thin.ttf */,
				F10F39672AE03A6200290FBC /* SFProDisplay-Ultralight.ttf */,
			);
			path = Fonts;
			sourceTree = "<group>";
		};
		F10F39752AE03B3F00290FBC /* AppHelp */ = {
			isa = PBXGroup;
			children = (
				F10F39762AE03B5000290FBC /* AppImage.swift */,
				F10F39782AE03B5500290FBC /* AppColor.swift */,
				F10F39B92AE03FCA00290FBC /* AppStorage.swift */,
				F10F39BB2AE03FDE00290FBC /* ExternalService.swift */,
			);
			path = AppHelp;
			sourceTree = "<group>";
		};
		F10F39B62AE03F9000290FBC /* SplashScreen */ = {
			isa = PBXGroup;
			children = (
				F123C4DF2AE0391D0018831B /* SplashViewController.swift */,
				F10F39B72AE03FAC00290FBC /* LoadingViewController.swift */,
			);
			path = SplashScreen;
			sourceTree = "<group>";
		};
		F10F39BF2AE0410400290FBC /* OnboardingModule */ = {
			isa = PBXGroup;
			children = (
				F10F39C02AE0411700290FBC /* Onboarding1ViewController.swift */,
				F10F39C22AE0479000290FBC /* Onboarding2ViewController.swift */,
			);
			path = OnboardingModule;
			sourceTree = "<group>";
		};
		F10F39C42AE0D79A00290FBC /* MainModule */ = {
			isa = PBXGroup;
			children = (
				F10F39C52AE0D7B900290FBC /* MainViewController.swift */,
				F10F39C72AE0D7E000290FBC /* SectionType.swift */,
				F10F39C92AE0D7F800290FBC /* MainCollectionViewCell.swift */,
				F10F39CB2AE0D80100290FBC /* BannerCollectionViewCell.swift */,
			);
			path = MainModule;
			sourceTree = "<group>";
		};
		F10F39CF2AE12A5500290FBC /* QuizModule */ = {
			isa = PBXGroup;
			children = (
				F10F39D42AE12AA700290FBC /* Model */,
				F10F39D02AE12A9500290FBC /* QuizViewController.swift */,
				F10F39D22AE12AA400290FBC /* QuizTableViewCell.swift */,
			);
			path = QuizModule;
			sourceTree = "<group>";
		};
		F10F39D42AE12AA700290FBC /* Model */ = {
			isa = PBXGroup;
			children = (
				F10F39D52AE12AAF00290FBC /* Question.swift */,
				F10F39D72AE12AB700290FBC /* QuizBrain.swift */,
			);
			path = Model;
			sourceTree = "<group>";
		};
		F10F39D92AE15C2400290FBC /* WinModule */ = {
			isa = PBXGroup;
			children = (
				F10F39DA2AE15C5D00290FBC /* WinViewController.swift */,
			);
			path = WinModule;
			sourceTree = "<group>";
		};
		F123C4CF2AE0391D0018831B = {
			isa = PBXGroup;
			children = (
				F123C4DA2AE0391D0018831B /* Quotex */,
				F123C4D92AE0391D0018831B /* Products */,
			);
			sourceTree = "<group>";
		};
		F123C4D92AE0391D0018831B /* Products */ = {
			isa = PBXGroup;
			children = (
				F123C4D82AE0391D0018831B /* Quotex.app */,
			);
			name = Products;
			sourceTree = "<group>";
		};
		F123C4DA2AE0391D0018831B /* Quotex */ = {
			isa = PBXGroup;
			children = (
				F123C4EF2AE039250018831B /* Application */,
				F123C4F02AE039440018831B /* Controllers */,
				F123C4F12AE0394F0018831B /* Resources  */,
				F123C4F32AE0395E0018831B /* Storyboards  */,
				F123C4F42AE0396B0018831B /* Supporting Files */,
			);
			path = Quotex;
			sourceTree = "<group>";
		};
		F123C4EF2AE039250018831B /* Application */ = {
			isa = PBXGroup;
			children = (
				F123C4DB2AE0391D0018831B /* AppDelegate.swift */,
				F123C4DD2AE0391D0018831B /* SceneDelegate.swift */,
			);
			path = Application;
			sourceTree = "<group>";
		};
		F123C4F02AE039440018831B /* Controllers */ = {
			isa = PBXGroup;
			children = (
				F10F39B62AE03F9000290FBC /* SplashScreen */,
				F10F39BF2AE0410400290FBC /* OnboardingModule */,
				F10F39C42AE0D79A00290FBC /* MainModule */,
				F10F39CF2AE12A5500290FBC /* QuizModule */,
				F10F39D92AE15C2400290FBC /* WinModule */,
			);
			path = Controllers;
			sourceTree = "<group>";
		};
		F123C4F12AE0394F0018831B /* Resources  */ = {
			isa = PBXGroup;
			children = (
				F10F39602AE03A5200290FBC /* Fonts */,
				F123C4F22AE039590018831B /* AppAsset  */,
				F10F39752AE03B3F00290FBC /* AppHelp */,
			);
			path = "Resources ";
			sourceTree = "<group>";
		};
		F123C4F22AE039590018831B /* AppAsset  */ = {
			isa = PBXGroup;
			children = (
				F123C4E42AE0391F0018831B /* Assets.xcassets */,
				F10F39732AE03AB400290FBC /* Colors.xcassets */,
			);
			path = "AppAsset ";
			sourceTree = "<group>";
		};
		F123C4F32AE0395E0018831B /* Storyboards  */ = {
			isa = PBXGroup;
			children = (
				F123C4E62AE0391F0018831B /* LaunchScreen.storyboard */,
			);
			path = "Storyboards ";
			sourceTree = "<group>";
		};
		F123C4F42AE0396B0018831B /* Supporting Files */ = {
			isa = PBXGroup;
			children = (
				F10F39BD2AE0403000290FBC /* GoogleService-Info.plist */,
				F123C4E92AE0391F0018831B /* Info.plist */,
			);
			path = "Supporting Files";
			sourceTree = "<group>";
		};
/* End PBXGroup section */

/* Begin PBXNativeTarget section */
		F123C4D72AE0391D0018831B /* Quotex */ = {
			isa = PBXNativeTarget;
			buildConfigurationList = F123C4EC2AE0391F0018831B /* Build configuration list for PBXNativeTarget "Quotex" */;
			buildPhases = (
				F123C4D42AE0391D0018831B /* Sources */,
				F123C4D52AE0391D0018831B /* Frameworks */,
				F123C4D62AE0391D0018831B /* Resources */,
			);
			buildRules = (
			);
			dependencies = (
			);
			name = Quotex;
			packageProductDependencies = (
				F10F397B2AE03CA600290FBC /* SnapKit */,
				F10F397D2AE03CA600290FBC /* SnapKit-Dynamic */,
				F10F39802AE03F8800290FBC /* FirebaseAnalytics */,
				F10F39822AE03F8800290FBC /* FirebaseAnalyticsOnDeviceConversion */,
				F10F39842AE03F8800290FBC /* FirebaseAnalyticsSwift */,
				F10F39862AE03F8800290FBC /* FirebaseAnalyticsWithoutAdIdSupport */,
				F10F39882AE03F8800290FBC /* FirebaseAppCheck */,
				F10F398A2AE03F8800290FBC /* FirebaseAppDistribution-Beta */,
				F10F398C2AE03F8800290FBC /* FirebaseAuth */,
				F10F398E2AE03F8800290FBC /* FirebaseAuthCombine-Community */,
				F10F39902AE03F8800290FBC /* FirebaseCrashlytics */,
				F10F39922AE03F8800290FBC /* FirebaseDatabase */,
				F10F39942AE03F8800290FBC /* FirebaseDatabaseSwift */,
				F10F39962AE03F8800290FBC /* FirebaseDynamicLinks */,
				F10F39982AE03F8800290FBC /* FirebaseFirestore */,
				F10F399A2AE03F8800290FBC /* FirebaseFirestoreCombine-Community */,
				F10F399C2AE03F8800290FBC /* FirebaseFirestoreSwift */,
				F10F399E2AE03F8800290FBC /* FirebaseFunctions */,
				F10F39A02AE03F8800290FBC /* FirebaseFunctionsCombine-Community */,
				F10F39A22AE03F8800290FBC /* FirebaseInAppMessaging-Beta */,
				F10F39A42AE03F8800290FBC /* FirebaseInAppMessagingSwift-Beta */,
				F10F39A62AE03F8800290FBC /* FirebaseInstallations */,
				F10F39A82AE03F8800290FBC /* FirebaseMLModelDownloader */,
				F10F39AA2AE03F8800290FBC /* FirebaseMessaging */,
				F10F39AC2AE03F8800290FBC /* FirebasePerformance */,
				F10F39AE2AE03F8800290FBC /* FirebaseRemoteConfig */,
				F10F39B02AE03F8800290FBC /* FirebaseRemoteConfigSwift */,
				F10F39B22AE03F8800290FBC /* FirebaseStorage */,
				F10F39B42AE03F8800290FBC /* FirebaseStorageCombine-Community */,
			);
			productName = Quotex;
			productReference = F123C4D82AE0391D0018831B /* Quotex.app */;
			productType = "com.apple.product-type.application";
		};
/* End PBXNativeTarget section */

/* Begin PBXProject section */
		F123C4D02AE0391D0018831B /* Project object */ = {
			isa = PBXProject;
			attributes = {
				BuildIndependentTargetsInParallel = 1;
				LastSwiftUpdateCheck = 1500;
				LastUpgradeCheck = 1500;
				TargetAttributes = {
					F123C4D72AE0391D0018831B = {
						CreatedOnToolsVersion = 15.0;
					};
				};
			};
			buildConfigurationList = F123C4D32AE0391D0018831B /* Build configuration list for PBXProject "Quotex" */;
			compatibilityVersion = "Xcode 14.0";
			developmentRegion = en;
			hasScannedForEncodings = 0;
			knownRegions = (
				en,
				Base,
			);
			mainGroup = F123C4CF2AE0391D0018831B;
			packageReferences = (
				F10F397A2AE03CA600290FBC /* XCRemoteSwiftPackageReference "SnapKit" */,
				F10F397F2AE03F8800290FBC /* XCRemoteSwiftPackageReference "firebase-ios-sdk" */,
			);
			productRefGroup = F123C4D92AE0391D0018831B /* Products */;
			projectDirPath = "";
			projectRoot = "";
			targets = (
				F123C4D72AE0391D0018831B /* Quotex */,
			);
		};
/* End PBXProject section */

/* Begin PBXResourcesBuildPhase section */
		F123C4D62AE0391D0018831B /* Resources */ = {
			isa = PBXResourcesBuildPhase;
			buildActionMask = 2147483647;
			files = (
				F10F39BE2AE0403000290FBC /* GoogleService-Info.plist in Resources */,
				F10F396B2AE03A6200290FBC /* SFProDisplay-Black.ttf in Resources */,
				F10F39702AE03A6200290FBC /* SFProDisplay-Ultralight.ttf in Resources */,
				F10F396C2AE03A6200290FBC /* SFProDisplay-Thin.ttf in Resources */,
				F123C4E82AE0391F0018831B /* LaunchScreen.storyboard in Resources */,
				F10F396D2AE03A6200290FBC /* SFProDisplay-Regular.ttf in Resources */,
				F10F396E2AE03A6200290FBC /* SFProDisplay-Heavy.ttf in Resources */,
				F123C4E52AE0391F0018831B /* Assets.xcassets in Resources */,
				F10F39712AE03A6200290FBC /* SFProDisplay-Bold.ttf in Resources */,
				F10F396A2AE03A6200290FBC /* SFProDisplay-Medium.ttf in Resources */,
				F10F39742AE03AB400290FBC /* Colors.xcassets in Resources */,
				F10F396F2AE03A6200290FBC /* SFProDisplay-Light.ttf in Resources */,
				F10F39722AE03A6200290FBC /* SFProDisplay-Semibold.ttf in Resources */,
			);
			runOnlyForDeploymentPostprocessing = 0;
		};
/* End PBXResourcesBuildPhase section */

/* Begin PBXSourcesBuildPhase section */
		F123C4D42AE0391D0018831B /* Sources */ = {
			isa = PBXSourcesBuildPhase;
			buildActionMask = 2147483647;
			files = (
				F123C4E02AE0391D0018831B /* SplashViewController.swift in Sources */,
				F10F39C62AE0D7B900290FBC /* MainViewController.swift in Sources */,
				F10F39792AE03B5500290FBC /* AppColor.swift in Sources */,
				F10F39D62AE12AAF00290FBC /* Question.swift in Sources */,
				F10F39772AE03B5000290FBC /* AppImage.swift in Sources */,
				F10F39C12AE0411700290FBC /* Onboarding1ViewController.swift in Sources */,
				F10F39CC2AE0D80100290FBC /* BannerCollectionViewCell.swift in Sources */,
				F10F39D12AE12A9500290FBC /* QuizViewController.swift in Sources */,
				F10F39CA2AE0D7F800290FBC /* MainCollectionViewCell.swift in Sources */,
				F10F39D82AE12AB700290FBC /* QuizBrain.swift in Sources */,
				F10F39BA2AE03FCA00290FBC /* AppStorage.swift in Sources */,
				F10F39BC2AE03FDE00290FBC /* ExternalService.swift in Sources */,
				F10F39DB2AE15C5D00290FBC /* WinViewController.swift in Sources */,
				F123C4DC2AE0391D0018831B /* AppDelegate.swift in Sources */,
				F123C4DE2AE0391D0018831B /* SceneDelegate.swift in Sources */,
				F10F39C32AE0479000290FBC /* Onboarding2ViewController.swift in Sources */,
				F10F39B82AE03FAC00290FBC /* LoadingViewController.swift in Sources */,
				F10F39D32AE12AA400290FBC /* QuizTableViewCell.swift in Sources */,
				F10F39C82AE0D7E000290FBC /* SectionType.swift in Sources */,
			);
			runOnlyForDeploymentPostprocessing = 0;
		};
/* End PBXSourcesBuildPhase section */

/* Begin PBXVariantGroup section */
		F123C4E62AE0391F0018831B /* LaunchScreen.storyboard */ = {
			isa = PBXVariantGroup;
			children = (
				F123C4E72AE0391F0018831B /* Base */,
			);
			name = LaunchScreen.storyboard;
			sourceTree = "<group>";
		};
/* End PBXVariantGroup section */

/* Begin XCBuildConfiguration section */
		F123C4EA2AE0391F0018831B /* Debug */ = {
			isa = XCBuildConfiguration;
			buildSettings = {
				ALWAYS_SEARCH_USER_PATHS = NO;
				ASSETCATALOG_COMPILER_GENERATE_SWIFT_ASSET_SYMBOL_EXTENSIONS = YES;
				CLANG_ANALYZER_NONNULL = YES;
				CLANG_ANALYZER_NUMBER_OBJECT_CONVERSION = YES_AGGRESSIVE;
				CLANG_CXX_LANGUAGE_STANDARD = "gnu++20";
				CLANG_ENABLE_MODULES = YES;
				CLANG_ENABLE_OBJC_ARC = YES;
				CLANG_ENABLE_OBJC_WEAK = YES;
				CLANG_WARN_BLOCK_CAPTURE_AUTORELEASING = YES;
				CLANG_WARN_BOOL_CONVERSION = YES;
				CLANG_WARN_COMMA = YES;
				CLANG_WARN_CONSTANT_CONVERSION = YES;
				CLANG_WARN_DEPRECATED_OBJC_IMPLEMENTATIONS = YES;
				CLANG_WARN_DIRECT_OBJC_ISA_USAGE = YES_ERROR;
				CLANG_WARN_DOCUMENTATION_COMMENTS = YES;
				CLANG_WARN_EMPTY_BODY = YES;
				CLANG_WARN_ENUM_CONVERSION = YES;
				CLANG_WARN_INFINITE_RECURSION = YES;
				CLANG_WARN_INT_CONVERSION = YES;
				CLANG_WARN_NON_LITERAL_NULL_CONVERSION = YES;
				CLANG_WARN_OBJC_IMPLICIT_RETAIN_SELF = YES;
				CLANG_WARN_OBJC_LITERAL_CONVERSION = YES;
				CLANG_WARN_OBJC_ROOT_CLASS = YES_ERROR;
				CLANG_WARN_QUOTED_INCLUDE_IN_FRAMEWORK_HEADER = YES;
				CLANG_WARN_RANGE_LOOP_ANALYSIS = YES;
				CLANG_WARN_STRICT_PROTOTYPES = YES;
				CLANG_WARN_SUSPICIOUS_MOVE = YES;
				CLANG_WARN_UNGUARDED_AVAILABILITY = YES_AGGRESSIVE;
				CLANG_WARN_UNREACHABLE_CODE = YES;
				CLANG_WARN__DUPLICATE_METHOD_MATCH = YES;
				COPY_PHASE_STRIP = NO;
				DEBUG_INFORMATION_FORMAT = dwarf;
				ENABLE_STRICT_OBJC_MSGSEND = YES;
				ENABLE_TESTABILITY = YES;
				ENABLE_USER_SCRIPT_SANDBOXING = YES;
				GCC_C_LANGUAGE_STANDARD = gnu17;
				GCC_DYNAMIC_NO_PIC = NO;
				GCC_NO_COMMON_BLOCKS = YES;
				GCC_OPTIMIZATION_LEVEL = 0;
				GCC_PREPROCESSOR_DEFINITIONS = (
					"DEBUG=1",
					"$(inherited)",
				);
				GCC_WARN_64_TO_32_BIT_CONVERSION = YES;
				GCC_WARN_ABOUT_RETURN_TYPE = YES_ERROR;
				GCC_WARN_UNDECLARED_SELECTOR = YES;
				GCC_WARN_UNINITIALIZED_AUTOS = YES_AGGRESSIVE;
				GCC_WARN_UNUSED_FUNCTION = YES;
				GCC_WARN_UNUSED_VARIABLE = YES;
				IPHONEOS_DEPLOYMENT_TARGET = 17.0;
				LOCALIZATION_PREFERS_STRING_CATALOGS = YES;
				MTL_ENABLE_DEBUG_INFO = INCLUDE_SOURCE;
				MTL_FAST_MATH = YES;
				ONLY_ACTIVE_ARCH = YES;
				SDKROOT = iphoneos;
				SWIFT_ACTIVE_COMPILATION_CONDITIONS = "DEBUG $(inherited)";
				SWIFT_OPTIMIZATION_LEVEL = "-Onone";
			};
			name = Debug;
		};
		F123C4EB2AE0391F0018831B /* Release */ = {
			isa = XCBuildConfiguration;
			buildSettings = {
				ALWAYS_SEARCH_USER_PATHS = NO;
				ASSETCATALOG_COMPILER_GENERATE_SWIFT_ASSET_SYMBOL_EXTENSIONS = YES;
				CLANG_ANALYZER_NONNULL = YES;
				CLANG_ANALYZER_NUMBER_OBJECT_CONVERSION = YES_AGGRESSIVE;
				CLANG_CXX_LANGUAGE_STANDARD = "gnu++20";
				CLANG_ENABLE_MODULES = YES;
				CLANG_ENABLE_OBJC_ARC = YES;
				CLANG_ENABLE_OBJC_WEAK = YES;
				CLANG_WARN_BLOCK_CAPTURE_AUTORELEASING = YES;
				CLANG_WARN_BOOL_CONVERSION = YES;
				CLANG_WARN_COMMA = YES;
				CLANG_WARN_CONSTANT_CONVERSION = YES;
				CLANG_WARN_DEPRECATED_OBJC_IMPLEMENTATIONS = YES;
				CLANG_WARN_DIRECT_OBJC_ISA_USAGE = YES_ERROR;
				CLANG_WARN_DOCUMENTATION_COMMENTS = YES;
				CLANG_WARN_EMPTY_BODY = YES;
				CLANG_WARN_ENUM_CONVERSION = YES;
				CLANG_WARN_INFINITE_RECURSION = YES;
				CLANG_WARN_INT_CONVERSION = YES;
				CLANG_WARN_NON_LITERAL_NULL_CONVERSION = YES;
				CLANG_WARN_OBJC_IMPLICIT_RETAIN_SELF = YES;
				CLANG_WARN_OBJC_LITERAL_CONVERSION = YES;
				CLANG_WARN_OBJC_ROOT_CLASS = YES_ERROR;
				CLANG_WARN_QUOTED_INCLUDE_IN_FRAMEWORK_HEADER = YES;
				CLANG_WARN_RANGE_LOOP_ANALYSIS = YES;
				CLANG_WARN_STRICT_PROTOTYPES = YES;
				CLANG_WARN_SUSPICIOUS_MOVE = YES;
				CLANG_WARN_UNGUARDED_AVAILABILITY = YES_AGGRESSIVE;
				CLANG_WARN_UNREACHABLE_CODE = YES;
				CLANG_WARN__DUPLICATE_METHOD_MATCH = YES;
				COPY_PHASE_STRIP = NO;
				DEBUG_INFORMATION_FORMAT = "dwarf-with-dsym";
				ENABLE_NS_ASSERTIONS = NO;
				ENABLE_STRICT_OBJC_MSGSEND = YES;
				ENABLE_USER_SCRIPT_SANDBOXING = YES;
				GCC_C_LANGUAGE_STANDARD = gnu17;
				GCC_NO_COMMON_BLOCKS = YES;
				GCC_WARN_64_TO_32_BIT_CONVERSION = YES;
				GCC_WARN_ABOUT_RETURN_TYPE = YES_ERROR;
				GCC_WARN_UNDECLARED_SELECTOR = YES;
				GCC_WARN_UNINITIALIZED_AUTOS = YES_AGGRESSIVE;
				GCC_WARN_UNUSED_FUNCTION = YES;
				GCC_WARN_UNUSED_VARIABLE = YES;
				IPHONEOS_DEPLOYMENT_TARGET = 17.0;
				LOCALIZATION_PREFERS_STRING_CATALOGS = YES;
				MTL_ENABLE_DEBUG_INFO = NO;
				MTL_FAST_MATH = YES;
				SDKROOT = iphoneos;
				SWIFT_COMPILATION_MODE = wholemodule;
				VALIDATE_PRODUCT = YES;
			};
			name = Release;
		};
		F123C4ED2AE0391F0018831B /* Debug */ = {
			isa = XCBuildConfiguration;
			buildSettings = {
				ASSETCATALOG_COMPILER_APPICON_NAME = AppIcon;
				ASSETCATALOG_COMPILER_GLOBAL_ACCENT_COLOR_NAME = AccentColor;
				CODE_SIGN_STYLE = Automatic;
				CURRENT_PROJECT_VERSION = 1;
				DEVELOPMENT_TEAM = 66V736J4F3;
				GENERATE_INFOPLIST_FILE = YES;
				INFOPLIST_FILE = "Quotex/Supporting Files/Info.plist";
				INFOPLIST_KEY_UIApplicationSupportsIndirectInputEvents = YES;
				INFOPLIST_KEY_UILaunchStoryboardName = LaunchScreen;
				INFOPLIST_KEY_UISupportedInterfaceOrientations_iPad = "UIInterfaceOrientationPortrait UIInterfaceOrientationPortraitUpsideDown UIInterfaceOrientationLandscapeLeft UIInterfaceOrientationLandscapeRight";
				INFOPLIST_KEY_UISupportedInterfaceOrientations_iPhone = "UIInterfaceOrientationPortrait UIInterfaceOrientationLandscapeLeft UIInterfaceOrientationLandscapeRight";
				LD_RUNPATH_SEARCH_PATHS = (
					"$(inherited)",
					"@executable_path/Frameworks",
				);
				MARKETING_VERSION = 1.0;
				PRODUCT_BUNDLE_IDENTIFIER = com.example.Quotex;
				PRODUCT_NAME = "$(TARGET_NAME)";
				SWIFT_EMIT_LOC_STRINGS = YES;
				SWIFT_VERSION = 5.0;
				TARGETED_DEVICE_FAMILY = "1,2";
			};
			name = Debug;
		};
		F123C4EE2AE0391F0018831B /* Release */ = {
			isa = XCBuildConfiguration;
			buildSettings = {
				ASSETCATALOG_COMPILER_APPICON_NAME = AppIcon;
				ASSETCATALOG_COMPILER_GLOBAL_ACCENT_COLOR_NAME = AccentColor;
				CODE_SIGN_STYLE = Automatic;
				CURRENT_PROJECT_VERSION = 1;
				DEVELOPMENT_TEAM = 66V736J4F3;
				GENERATE_INFOPLIST_FILE = YES;
				INFOPLIST_FILE = "Quotex/Supporting Files/Info.plist";
				INFOPLIST_KEY_UIApplicationSupportsIndirectInputEvents = YES;
				INFOPLIST_KEY_UILaunchStoryboardName = LaunchScreen;
				INFOPLIST_KEY_UISupportedInterfaceOrientations_iPad = "UIInterfaceOrientationPortrait UIInterfaceOrientationPortraitUpsideDown UIInterfaceOrientationLandscapeLeft UIInterfaceOrientationLandscapeRight";
				INFOPLIST_KEY_UISupportedInterfaceOrientations_iPhone = "UIInterfaceOrientationPortrait UIInterfaceOrientationLandscapeLeft UIInterfaceOrientationLandscapeRight";
				LD_RUNPATH_SEARCH_PATHS = (
					"$(inherited)",
					"@executable_path/Frameworks",
				);
				MARKETING_VERSION = 1.0;
				PRODUCT_BUNDLE_IDENTIFIER = com.example.Quotex;
				PRODUCT_NAME = "$(TARGET_NAME)";
				SWIFT_EMIT_LOC_STRINGS = YES;
				SWIFT_VERSION = 5.0;
				TARGETED_DEVICE_FAMILY = "1,2";
			};
			name = Release;
		};
/* End XCBuildConfiguration section */

/* Begin XCConfigurationList section */
		F123C4D32AE0391D0018831B /* Build configuration list for PBXProject "Quotex" */ = {
			isa = XCConfigurationList;
			buildConfigurations = (
				F123C4EA2AE0391F0018831B /* Debug */,
				F123C4EB2AE0391F0018831B /* Release */,
			);
			defaultConfigurationIsVisible = 0;
			defaultConfigurationName = Release;
		};
		F123C4EC2AE0391F0018831B /* Build configuration list for PBXNativeTarget "Quotex" */ = {
			isa = XCConfigurationList;
			buildConfigurations = (
				F123C4ED2AE0391F0018831B /* Debug */,
				F123C4EE2AE0391F0018831B /* Release */,
			);
			defaultConfigurationIsVisible = 0;
			defaultConfigurationName = Release;
		};
/* End XCConfigurationList section */

/* Begin XCRemoteSwiftPackageReference section */
		F10F397A2AE03CA600290FBC /* XCRemoteSwiftPackageReference "SnapKit" */ = {
			isa = XCRemoteSwiftPackageReference;
			repositoryURL = "https://github.com/SnapKit/SnapKit.git";
			requirement = {
				kind = upToNextMajorVersion;
				minimumVersion = 5.6.0;
			};
		};
		F10F397F2AE03F8800290FBC /* XCRemoteSwiftPackageReference "firebase-ios-sdk" */ = {
			isa = XCRemoteSwiftPackageReference;
			repositoryURL = "https://github.com/firebase/firebase-ios-sdk.git";
			requirement = {
				kind = upToNextMajorVersion;
				minimumVersion = 10.16.0;
			};
		};
/* End XCRemoteSwiftPackageReference section */

/* Begin XCSwiftPackageProductDependency section */
		F10F397B2AE03CA600290FBC /* SnapKit */ = {
			isa = XCSwiftPackageProductDependency;
			package = F10F397A2AE03CA600290FBC /* XCRemoteSwiftPackageReference "SnapKit" */;
			productName = SnapKit;
		};
		F10F397D2AE03CA600290FBC /* SnapKit-Dynamic */ = {
			isa = XCSwiftPackageProductDependency;
			package = F10F397A2AE03CA600290FBC /* XCRemoteSwiftPackageReference "SnapKit" */;
			productName = "SnapKit-Dynamic";
		};
		F10F39802AE03F8800290FBC /* FirebaseAnalytics */ = {
			isa = XCSwiftPackageProductDependency;
			package = F10F397F2AE03F8800290FBC /* XCRemoteSwiftPackageReference "firebase-ios-sdk" */;
			productName = FirebaseAnalytics;
		};
		F10F39822AE03F8800290FBC /* FirebaseAnalyticsOnDeviceConversion */ = {
			isa = XCSwiftPackageProductDependency;
			package = F10F397F2AE03F8800290FBC /* XCRemoteSwiftPackageReference "firebase-ios-sdk" */;
			productName = FirebaseAnalyticsOnDeviceConversion;
		};
		F10F39842AE03F8800290FBC /* FirebaseAnalyticsSwift */ = {
			isa = XCSwiftPackageProductDependency;
			package = F10F397F2AE03F8800290FBC /* XCRemoteSwiftPackageReference "firebase-ios-sdk" */;
			productName = FirebaseAnalyticsSwift;
		};
		F10F39862AE03F8800290FBC /* FirebaseAnalyticsWithoutAdIdSupport */ = {
			isa = XCSwiftPackageProductDependency;
			package = F10F397F2AE03F8800290FBC /* XCRemoteSwiftPackageReference "firebase-ios-sdk" */;
			productName = FirebaseAnalyticsWithoutAdIdSupport;
		};
		F10F39882AE03F8800290FBC /* FirebaseAppCheck */ = {
			isa = XCSwiftPackageProductDependency;
			package = F10F397F2AE03F8800290FBC /* XCRemoteSwiftPackageReference "firebase-ios-sdk" */;
			productName = FirebaseAppCheck;
		};
		F10F398A2AE03F8800290FBC /* FirebaseAppDistribution-Beta */ = {
			isa = XCSwiftPackageProductDependency;
			package = F10F397F2AE03F8800290FBC /* XCRemoteSwiftPackageReference "firebase-ios-sdk" */;
			productName = "FirebaseAppDistribution-Beta";
		};
		F10F398C2AE03F8800290FBC /* FirebaseAuth */ = {
			isa = XCSwiftPackageProductDependency;
			package = F10F397F2AE03F8800290FBC /* XCRemoteSwiftPackageReference "firebase-ios-sdk" */;
			productName = FirebaseAuth;
		};
		F10F398E2AE03F8800290FBC /* FirebaseAuthCombine-Community */ = {
			isa = XCSwiftPackageProductDependency;
			package = F10F397F2AE03F8800290FBC /* XCRemoteSwiftPackageReference "firebase-ios-sdk" */;
			productName = "FirebaseAuthCombine-Community";
		};
		F10F39902AE03F8800290FBC /* FirebaseCrashlytics */ = {
			isa = XCSwiftPackageProductDependency;
			package = F10F397F2AE03F8800290FBC /* XCRemoteSwiftPackageReference "firebase-ios-sdk" */;
			productName = FirebaseCrashlytics;
		};
		F10F39922AE03F8800290FBC /* FirebaseDatabase */ = {
			isa = XCSwiftPackageProductDependency;
			package = F10F397F2AE03F8800290FBC /* XCRemoteSwiftPackageReference "firebase-ios-sdk" */;
			productName = FirebaseDatabase;
		};
		F10F39942AE03F8800290FBC /* FirebaseDatabaseSwift */ = {
			isa = XCSwiftPackageProductDependency;
			package = F10F397F2AE03F8800290FBC /* XCRemoteSwiftPackageReference "firebase-ios-sdk" */;
			productName = FirebaseDatabaseSwift;
		};
		F10F39962AE03F8800290FBC /* FirebaseDynamicLinks */ = {
			isa = XCSwiftPackageProductDependency;
			package = F10F397F2AE03F8800290FBC /* XCRemoteSwiftPackageReference "firebase-ios-sdk" */;
			productName = FirebaseDynamicLinks;
		};
		F10F39982AE03F8800290FBC /* FirebaseFirestore */ = {
			isa = XCSwiftPackageProductDependency;
			package = F10F397F2AE03F8800290FBC /* XCRemoteSwiftPackageReference "firebase-ios-sdk" */;
			productName = FirebaseFirestore;
		};
		F10F399A2AE03F8800290FBC /* FirebaseFirestoreCombine-Community */ = {
			isa = XCSwiftPackageProductDependency;
			package = F10F397F2AE03F8800290FBC /* XCRemoteSwiftPackageReference "firebase-ios-sdk" */;
			productName = "FirebaseFirestoreCombine-Community";
		};
		F10F399C2AE03F8800290FBC /* FirebaseFirestoreSwift */ = {
			isa = XCSwiftPackageProductDependency;
			package = F10F397F2AE03F8800290FBC /* XCRemoteSwiftPackageReference "firebase-ios-sdk" */;
			productName = FirebaseFirestoreSwift;
		};
		F10F399E2AE03F8800290FBC /* FirebaseFunctions */ = {
			isa = XCSwiftPackageProductDependency;
			package = F10F397F2AE03F8800290FBC /* XCRemoteSwiftPackageReference "firebase-ios-sdk" */;
			productName = FirebaseFunctions;
		};
		F10F39A02AE03F8800290FBC /* FirebaseFunctionsCombine-Community */ = {
			isa = XCSwiftPackageProductDependency;
			package = F10F397F2AE03F8800290FBC /* XCRemoteSwiftPackageReference "firebase-ios-sdk" */;
			productName = "FirebaseFunctionsCombine-Community";
		};
		F10F39A22AE03F8800290FBC /* FirebaseInAppMessaging-Beta */ = {
			isa = XCSwiftPackageProductDependency;
			package = F10F397F2AE03F8800290FBC /* XCRemoteSwiftPackageReference "firebase-ios-sdk" */;
			productName = "FirebaseInAppMessaging-Beta";
		};
		F10F39A42AE03F8800290FBC /* FirebaseInAppMessagingSwift-Beta */ = {
			isa = XCSwiftPackageProductDependency;
			package = F10F397F2AE03F8800290FBC /* XCRemoteSwiftPackageReference "firebase-ios-sdk" */;
			productName = "FirebaseInAppMessagingSwift-Beta";
		};
		F10F39A62AE03F8800290FBC /* FirebaseInstallations */ = {
			isa = XCSwiftPackageProductDependency;
			package = F10F397F2AE03F8800290FBC /* XCRemoteSwiftPackageReference "firebase-ios-sdk" */;
			productName = FirebaseInstallations;
		};
		F10F39A82AE03F8800290FBC /* FirebaseMLModelDownloader */ = {
			isa = XCSwiftPackageProductDependency;
			package = F10F397F2AE03F8800290FBC /* XCRemoteSwiftPackageReference "firebase-ios-sdk" */;
			productName = FirebaseMLModelDownloader;
		};
		F10F39AA2AE03F8800290FBC /* FirebaseMessaging */ = {
			isa = XCSwiftPackageProductDependency;
			package = F10F397F2AE03F8800290FBC /* XCRemoteSwiftPackageReference "firebase-ios-sdk" */;
			productName = FirebaseMessaging;
		};
		F10F39AC2AE03F8800290FBC /* FirebasePerformance */ = {
			isa = XCSwiftPackageProductDependency;
			package = F10F397F2AE03F8800290FBC /* XCRemoteSwiftPackageReference "firebase-ios-sdk" */;
			productName = FirebasePerformance;
		};
		F10F39AE2AE03F8800290FBC /* FirebaseRemoteConfig */ = {
			isa = XCSwiftPackageProductDependency;
			package = F10F397F2AE03F8800290FBC /* XCRemoteSwiftPackageReference "firebase-ios-sdk" */;
			productName = FirebaseRemoteConfig;
		};
		F10F39B02AE03F8800290FBC /* FirebaseRemoteConfigSwift */ = {
			isa = XCSwiftPackageProductDependency;
			package = F10F397F2AE03F8800290FBC /* XCRemoteSwiftPackageReference "firebase-ios-sdk" */;
			productName = FirebaseRemoteConfigSwift;
		};
		F10F39B22AE03F8800290FBC /* FirebaseStorage */ = {
			isa = XCSwiftPackageProductDependency;
			package = F10F397F2AE03F8800290FBC /* XCRemoteSwiftPackageReference "firebase-ios-sdk" */;
			productName = FirebaseStorage;
		};
		F10F39B42AE03F8800290FBC /* FirebaseStorageCombine-Community */ = {
			isa = XCSwiftPackageProductDependency;
			package = F10F397F2AE03F8800290FBC /* XCRemoteSwiftPackageReference "firebase-ios-sdk" */;
			productName = "FirebaseStorageCombine-Community";
		};
/* End XCSwiftPackageProductDependency section */
	};
	rootObject = F123C4D02AE0391D0018831B /* Project object */;
}
